
Microsoft Visual Studio Solution File, Format Version 12.00
# Visual Studio Version 17
VisualStudioVersion = 17.9.34622.214
MinimumVisualStudioVersion = 10.0.40219.1
Project("{8BC9CEB8-8B4A-11D0-8D11-00A0C91BC942}") = "snow", "snow\snow.vcxproj", "{7A569A20-CCE5-4043-AAFF-5D11EF637502}"
EndProject
Global
	GlobalSection(SolutionConfigurationPlatforms) = preSolution
		Debug|x64 = Debug|x64
		Debug|x86 = Debug|x86
		Release|x64 = Release|x64
		Release|x86 = Release|x86
	EndGlobalSection
	GlobalSection(ProjectConfigurationPlatforms) = postSolution
		{7A569A20-CCE5-4043-AAFF-5D11EF637502}.Debug|x64.ActiveCfg = Debug|x64
		{7A569A20-CCE5-4043-AAFF-5D11EF637502}.Debug|x64.Build.0 = Debug|x64
		{7A569A20-CCE5-4043-AAFF-5D11EF637502}.Debug|x86.ActiveCfg = Debug|Win32
		{7A569A20-CCE5-4043-AAFF-5D11EF637502}.Debug|x86.Build.0 = Debug|Win32
		{7A569A20-CCE5-4043-AAFF-5D11EF637502}.Release|x64.ActiveCfg = Release|x64
		{7A569A20-CCE5-4043-AAFF-5D11EF637502}.Release|x64.Build.0 = Release|x64
		{7A569A20-CCE5-4043-AAFF-5D11EF637502}.Release|x86.ActiveCfg = Release|Win32
		{7A569A20-CCE5-4043-AAFF-5D11EF637502}.Release|x86.Build.0 = Release|Win32
	EndGlobalSection
	GlobalSection(SolutionProperties) = preSolution
		HideSolutionNode = FALSE
	EndGlobalSection
	GlobalSection(ExtensibilityGlobals) = postSolution
		SolutionGuid = {04929139-4F86-4443-9A45-DD8DFFE56C98}
	EndGlobalSection
EndGlobal
